
Microsoft Visual Studio Solution File, Format Version 12.00
# Visual Studio Version 17
VisualStudioVersion = 17.5.33530.505
MinimumVisualStudioVersion = 10.0.40219.1
Project("{FAE04EC0-301F-11D3-BF4B-00C04F79EFBC}") = "JavaParser.NET", "JavaParser.NET\JavaParser.NET.csproj", "{BDA9A0B5-DFC5-4E78-BB36-B87B95ADC7BB}"
EndProject
Project("{FAE04EC0-301F-11D3-BF4B-00C04F79EFBC}") = "JavaParser.NET.Tests", "JavaParser.NET.Tests\JavaParser.NET.Tests.csproj", "{52C034F0-90E3-4864-B9C1-405D71F325A6}"
EndProject
Global
	GlobalSection(SolutionConfigurationPlatforms) = preSolution
		Debug|Any CPU = Debug|Any CPU
		Release|Any CPU = Release|Any CPU
	EndGlobalSection
	GlobalSection(ProjectConfigurationPlatforms) = postSolution
		{BDA9A0B5-DFC5-4E78-BB36-B87B95ADC7BB}.Debug|Any CPU.ActiveCfg = Debug|Any CPU
		{BDA9A0B5-DFC5-4E78-BB36-B87B95ADC7BB}.Debug|Any CPU.Build.0 = Debug|Any CPU
		{BDA9A0B5-DFC5-4E78-BB36-B87B95ADC7BB}.Release|Any CPU.ActiveCfg = Release|Any CPU
		{BDA9A0B5-DFC5-4E78-BB36-B87B95ADC7BB}.Release|Any CPU.Build.0 = Release|Any CPU
		{52C034F0-90E3-4864-B9C1-405D71F325A6}.Debug|Any CPU.ActiveCfg = Debug|Any CPU
		{52C034F0-90E3-4864-B9C1-405D71F325A6}.Debug|Any CPU.Build.0 = Debug|Any CPU
		{52C034F0-90E3-4864-B9C1-405D71F325A6}.Release|Any CPU.ActiveCfg = Release|Any CPU
		{52C034F0-90E3-4864-B9C1-405D71F325A6}.Release|Any CPU.Build.0 = Release|Any CPU
	EndGlobalSection
	GlobalSection(SolutionProperties) = preSolution
		HideSolutionNode = FALSE
	EndGlobalSection
	GlobalSection(ExtensibilityGlobals) = postSolution
		SolutionGuid = {B55EFE92-AC11-4B65-AA5E-00F87732CA52}
	EndGlobalSection
EndGlobal
